
Microsoft Visual Studio Solution File, Format Version 12.00
# Visual Studio Version 17
VisualStudioVersion = 17.9.34723.18
MinimumVisualStudioVersion = 10.0.40219.1
Project("{FAE04EC0-301F-11D3-BF4B-00C04F79EFBC}") = "IntelliCode.MAUI", "IntelliCode.MAUI\IntelliCode.MAUI.csproj", "{89C3807D-DEC5-4D4A-A61B-03E1A5E9EC54}"
EndProject
Global
	GlobalSection(SolutionConfigurationPlatforms) = preSolution
		Debug|Any CPU = Debug|Any CPU
		Release|Any CPU = Release|Any CPU
	EndGlobalSection
	GlobalSection(ProjectConfigurationPlatforms) = postSolution
		{89C3807D-DEC5-4D4A-A61B-03E1A5E9EC54}.Debug|Any CPU.ActiveCfg = Debug|Any CPU
		{89C3807D-DEC5-4D4A-A61B-03E1A5E9EC54}.Debug|Any CPU.Build.0 = Debug|Any CPU
		{89C3807D-DEC5-4D4A-A61B-03E1A5E9EC54}.Debug|Any CPU.Deploy.0 = Debug|Any CPU
		{89C3807D-DEC5-4D4A-A61B-03E1A5E9EC54}.Release|Any CPU.ActiveCfg = Release|Any CPU
		{89C3807D-DEC5-4D4A-A61B-03E1A5E9EC54}.Release|Any CPU.Build.0 = Release|Any CPU
		{89C3807D-DEC5-4D4A-A61B-03E1A5E9EC54}.Release|Any CPU.Deploy.0 = Release|Any CPU
	EndGlobalSection
	GlobalSection(SolutionProperties) = preSolution
		HideSolutionNode = FALSE
	EndGlobalSection
	GlobalSection(ExtensibilityGlobals) = postSolution
		SolutionGuid = {75BE3F47-B0FC-4D70-AD0A-7E63D92B50AD}
	EndGlobalSection
EndGlobal
